
Microsoft Visual Studio Solution File, Format Version 11.00
# Visual Studio 2010
Project("{FAE04EC0-301F-11D3-BF4B-00C04F79EFBC}") = "JQueryTrials", "JQueryTrials\JQueryTrials.csproj", "{87CABCE5-BC7B-4B58-8081-95A9B6A14D2A}"
EndProject
Global
	GlobalSection(SolutionConfigurationPlatforms) = preSolution
		Debug|Any CPU = Debug|Any CPU
		Release|Any CPU = Release|Any CPU
	EndGlobalSection
	GlobalSection(ProjectConfigurationPlatforms) = postSolution
		{87CABCE5-BC7B-4B58-8081-95A9B6A14D2A}.Debug|Any CPU.ActiveCfg = Debug|Any CPU
		{87CABCE5-BC7B-4B58-8081-95A9B6A14D2A}.Debug|Any CPU.Build.0 = Debug|Any CPU
		{87CABCE5-BC7B-4B58-8081-95A9B6A14D2A}.Release|Any CPU.ActiveCfg = Release|Any CPU
		{87CABCE5-BC7B-4B58-8081-95A9B6A14D2A}.Release|Any CPU.Build.0 = Release|Any CPU
	EndGlobalSection
	GlobalSection(SolutionProperties) = preSolution
		HideSolutionNode = FALSE
	EndGlobalSection
EndGlobal
